
Microsoft Visual Studio Solution File, Format Version 12.00
# Visual Studio 14
VisualStudioVersion = 14.0.23107.0
MinimumVisualStudioVersion = 10.0.40219.1
Project("{F2A71F9B-5D33-465A-A702-920D77279786}") = "FsRTK.Math3D", "FsRTK.Math3D\FsRTK.Math3D.fsproj", "{B53DA48B-1CC6-4EF9-B1F1-9CABCCF0450C}"
EndProject
Project("{F2A71F9B-5D33-465A-A702-920D77279786}") = "FsRTK.GLES2", "FsRTK.GLES2\FsRTK.GLES2.fsproj", "{80078867-21EA-468D-A53C-F3798F145C94}"
	ProjectSection(ProjectDependencies) = postProject
		{B53DA48B-1CC6-4EF9-B1F1-9CABCCF0450C} = {B53DA48B-1CC6-4EF9-B1F1-9CABCCF0450C}
	EndProjectSection
EndProject
Project("{F2A71F9B-5D33-465A-A702-920D77279786}") = "FsRTK.GLFW3", "FsRTK.GLFW3\FsRTK.GLFW3.fsproj", "{51F3E984-E964-452A-B9B3-7A8A43DF78A0}"
EndProject
Project("{2150E333-8FDC-42A3-9474-1A3956D46DE8}") = "Tests", "Tests", "{76EF8D65-FB5A-4AFD-BA1F-4834FB591852}"
EndProject
Project("{2150E333-8FDC-42A3-9474-1A3956D46DE8}") = "Libs", "Libs", "{782CAF7F-4102-4029-8EDA-9C11D23096EB}"
EndProject
Project("{F2A71F9B-5D33-465A-A702-920D77279786}") = "TestGlfw3Gles2", "Tests\TestGlfw3Gles2\TestGlfw3Gles2.fsproj", "{85662A7E-3662-4942-952E-CD76A2C814D6}"
EndProject
Global
	GlobalSection(SolutionConfigurationPlatforms) = preSolution
		Debug|Any CPU = Debug|Any CPU
		Release|Any CPU = Release|Any CPU
	EndGlobalSection
	GlobalSection(ProjectConfigurationPlatforms) = postSolution
		{B53DA48B-1CC6-4EF9-B1F1-9CABCCF0450C}.Debug|Any CPU.ActiveCfg = Debug|Any CPU
		{B53DA48B-1CC6-4EF9-B1F1-9CABCCF0450C}.Debug|Any CPU.Build.0 = Debug|Any CPU
		{B53DA48B-1CC6-4EF9-B1F1-9CABCCF0450C}.Release|Any CPU.ActiveCfg = Release|Any CPU
		{B53DA48B-1CC6-4EF9-B1F1-9CABCCF0450C}.Release|Any CPU.Build.0 = Release|Any CPU
		{80078867-21EA-468D-A53C-F3798F145C94}.Debug|Any CPU.ActiveCfg = Debug|Any CPU
		{80078867-21EA-468D-A53C-F3798F145C94}.Debug|Any CPU.Build.0 = Debug|Any CPU
		{80078867-21EA-468D-A53C-F3798F145C94}.Release|Any CPU.ActiveCfg = Release|Any CPU
		{80078867-21EA-468D-A53C-F3798F145C94}.Release|Any CPU.Build.0 = Release|Any CPU
		{51F3E984-E964-452A-B9B3-7A8A43DF78A0}.Debug|Any CPU.ActiveCfg = Debug|Any CPU
		{51F3E984-E964-452A-B9B3-7A8A43DF78A0}.Debug|Any CPU.Build.0 = Debug|Any CPU
		{51F3E984-E964-452A-B9B3-7A8A43DF78A0}.Release|Any CPU.ActiveCfg = Release|Any CPU
		{51F3E984-E964-452A-B9B3-7A8A43DF78A0}.Release|Any CPU.Build.0 = Release|Any CPU
		{85662A7E-3662-4942-952E-CD76A2C814D6}.Debug|Any CPU.ActiveCfg = Debug|Any CPU
		{85662A7E-3662-4942-952E-CD76A2C814D6}.Debug|Any CPU.Build.0 = Debug|Any CPU
		{85662A7E-3662-4942-952E-CD76A2C814D6}.Release|Any CPU.ActiveCfg = Release|Any CPU
		{85662A7E-3662-4942-952E-CD76A2C814D6}.Release|Any CPU.Build.0 = Release|Any CPU
	EndGlobalSection
	GlobalSection(SolutionProperties) = preSolution
		HideSolutionNode = FALSE
	EndGlobalSection
	GlobalSection(NestedProjects) = preSolution
		{B53DA48B-1CC6-4EF9-B1F1-9CABCCF0450C} = {782CAF7F-4102-4029-8EDA-9C11D23096EB}
		{80078867-21EA-468D-A53C-F3798F145C94} = {782CAF7F-4102-4029-8EDA-9C11D23096EB}
		{51F3E984-E964-452A-B9B3-7A8A43DF78A0} = {782CAF7F-4102-4029-8EDA-9C11D23096EB}
		{85662A7E-3662-4942-952E-CD76A2C814D6} = {76EF8D65-FB5A-4AFD-BA1F-4834FB591852}
	EndGlobalSection
EndGlobal
