
Microsoft Visual Studio Solution File, Format Version 12.00
# Visual Studio 14
VisualStudioVersion = 14.0.23107.0
MinimumVisualStudioVersion = 10.0.40219.1
Project("{F2A71F9B-5D33-465A-A702-920D77279786}") = "FsRTK.Math3D", "FsRTK.Math3D\FsRTK.Math3D.fsproj", "{B53DA48B-1CC6-4EF9-B1F1-9CABCCF0450C}"
EndProject
Project("{F2A71F9B-5D33-465A-A702-920D77279786}") = "FsRTK.GLES2", "FsRTK.GLES2\FsRTK.GLES2.fsproj", "{80078867-21EA-468D-A53C-F3798F145C94}"
	ProjectSection(ProjectDependencies) = postProject
		{B53DA48B-1CC6-4EF9-B1F1-9CABCCF0450C} = {B53DA48B-1CC6-4EF9-B1F1-9CABCCF0450C}
	EndProjectSection
EndProject
Project("{F2A71F9B-5D33-465A-A702-920D77279786}") = "FsRTK.GLFW3", "FsRTK.GLFW3\FsRTK.GLFW3.fsproj", "{51F3E984-E964-452A-B9B3-7A8A43DF78A0}"
EndProject
Global
	GlobalSection(SolutionConfigurationPlatforms) = preSolution
		Debug|Any CPU = Debug|Any CPU
		Release|Any CPU = Release|Any CPU
	EndGlobalSection
	GlobalSection(ProjectConfigurationPlatforms) = postSolution
		{B53DA48B-1CC6-4EF9-B1F1-9CABCCF0450C}.Debug|Any CPU.ActiveCfg = Debug|Any CPU
		{B53DA48B-1CC6-4EF9-B1F1-9CABCCF0450C}.Debug|Any CPU.Build.0 = Debug|Any CPU
		{B53DA48B-1CC6-4EF9-B1F1-9CABCCF0450C}.Release|Any CPU.ActiveCfg = Release|Any CPU
		{B53DA48B-1CC6-4EF9-B1F1-9CABCCF0450C}.Release|Any CPU.Build.0 = Release|Any CPU
		{80078867-21EA-468D-A53C-F3798F145C94}.Debug|Any CPU.ActiveCfg = Debug|Any CPU
		{80078867-21EA-468D-A53C-F3798F145C94}.Debug|Any CPU.Build.0 = Debug|Any CPU
		{80078867-21EA-468D-A53C-F3798F145C94}.Release|Any CPU.ActiveCfg = Release|Any CPU
		{80078867-21EA-468D-A53C-F3798F145C94}.Release|Any CPU.Build.0 = Release|Any CPU
		{51F3E984-E964-452A-B9B3-7A8A43DF78A0}.Debug|Any CPU.ActiveCfg = Debug|Any CPU
		{51F3E984-E964-452A-B9B3-7A8A43DF78A0}.Debug|Any CPU.Build.0 = Debug|Any CPU
		{51F3E984-E964-452A-B9B3-7A8A43DF78A0}.Release|Any CPU.ActiveCfg = Release|Any CPU
		{51F3E984-E964-452A-B9B3-7A8A43DF78A0}.Release|Any CPU.Build.0 = Release|Any CPU
	EndGlobalSection
	GlobalSection(SolutionProperties) = preSolution
		HideSolutionNode = FALSE
	EndGlobalSection
EndGlobal
